
Microsoft Visual Studio Solution File, Format Version 12.00
# Visual Studio 15
VisualStudioVersion = 15.0.27130.2024
MinimumVisualStudioVersion = 10.0.40219.1
Project("{888888A0-9F3D-457C-B088-3A5042F75D52}") = "multixfer", "multixfer.pyproj", "{CABE9D64-FFF7-403F-A706-7D94B019B5EA}"
EndProject
Global
	GlobalSection(SolutionConfigurationPlatforms) = preSolution
		Debug|Any CPU = Debug|Any CPU
		Release|Any CPU = Release|Any CPU
	EndGlobalSection
	GlobalSection(ProjectConfigurationPlatforms) = postSolution
		{CABE9D64-FFF7-403F-A706-7D94B019B5EA}.Debug|Any CPU.ActiveCfg = Debug|Any CPU
		{CABE9D64-FFF7-403F-A706-7D94B019B5EA}.Release|Any CPU.ActiveCfg = Release|Any CPU
	EndGlobalSection
	GlobalSection(SolutionProperties) = preSolution
		HideSolutionNode = FALSE
	EndGlobalSection
	GlobalSection(ExtensibilityGlobals) = postSolution
		SolutionGuid = {9CCB881E-97EC-4607-8272-67ACB37F4C78}
	EndGlobalSection
EndGlobal
